# This file is automatically @generated by Cargo.
# It is not intended for manual editing.
version = 3

[[package]]
name = "temperature_converter"
version = "0.1.0"
dependencies = [
 "unit-conversions",
]

[[package]]
name = "unit-conversions"
version = "0.1.11-alpha.5"
source = "registry+https://github.com/rust-lang/crates.io-index"
checksum = "3e3ec25b0adbc12c96f43c852d557ee1f84b241cc4cf10a6ae665afeb58e048f"
